
Microsoft Visual Studio Solution File, Format Version 12.00
# Visual Studio Version 17
VisualStudioVersion = 17.2.32616.157
MinimumVisualStudioVersion = 10.0.40219.1
Project("{FAE04EC0-301F-11D3-BF4B-00C04F79EFBC}") = "OceanWinForms", "OceanWinForms\OceanWinForms.csproj", "{C1A1C997-9914-49A6-9860-4F91BA9501DC}"
EndProject
Global
	GlobalSection(SolutionConfigurationPlatforms) = preSolution
		Debug|Any CPU = Debug|Any CPU
		Release|Any CPU = Release|Any CPU
	EndGlobalSection
	GlobalSection(ProjectConfigurationPlatforms) = postSolution
		{C1A1C997-9914-49A6-9860-4F91BA9501DC}.Debug|Any CPU.ActiveCfg = Debug|Any CPU
		{C1A1C997-9914-49A6-9860-4F91BA9501DC}.Debug|Any CPU.Build.0 = Debug|Any CPU
		{C1A1C997-9914-49A6-9860-4F91BA9501DC}.Release|Any CPU.ActiveCfg = Release|Any CPU
		{C1A1C997-9914-49A6-9860-4F91BA9501DC}.Release|Any CPU.Build.0 = Release|Any CPU
	EndGlobalSection
	GlobalSection(SolutionProperties) = preSolution
		HideSolutionNode = FALSE
	EndGlobalSection
	GlobalSection(ExtensibilityGlobals) = postSolution
		SolutionGuid = {BE0BBC10-A8A4-46F3-B9D4-8B75F051F9BB}
	EndGlobalSection
EndGlobal
